{
    "_readme": [
        "This file locks the dependencies of your project to a known state",
        "Read more about it at https://getcomposer.org/doc/01-basic-usage.md#composer-lock-the-lock-file",
        "This file is @generated automatically"
    ],
    "hash": "5f0b89b59d9f25882e1e64b530ccaa05",
    "packages": [
        {
            "name": "bragento/magento-composer-installer",
            "version": "1.1.1",
            "source": {
                "type": "git",
                "url": "https://github.com/bragento/bragento-composer-installer.git",
                "reference": "e185d188425238a2d078bd79f9116a3926a75673"
            },
            "dist": {
                "type": "zip",
                "url": "https://api.github.com/repos/bragento/bragento-composer-installer/zipball/e185d188425238a2d078bd79f9116a3926a75673",
                "reference": "e185d188425238a2d078bd79f9116a3926a75673",
                "shasum": ""
            },
            "require": {
                "composer-plugin-api": "~1",
                "symfony/filesystem": "~2"
            },
            "replace": {
                "magento-hackathon/magento-composer-installer": "*"
            },
            "require-dev": {
                "codeclimate/php-test-reporter": "*",
                "composer/composer": "*@dev",
                "mikey179/vfsstream": "*",
                "phpunit/phpunit": "*"
            },
            "type": "composer-plugin",
            "extra": {
                "class": "Bragento\\Magento\\Composer\\Installer\\Plugin",
                "branch-alias": {
                    "dev-develop": "1.2.x-dev"
                }
            },
            "autoload": {
                "psr-4": {
                    "Bragento\\Magento\\Composer\\Installer\\": "src"
                }
            },
            "notification-url": "https://packagist.org/downloads/",
            "license": [
                "OSL-3.0"
            ],
            "authors": [
                {
                    "name": "David Verholen",
                    "email": "david.verholen@brandung.de",
                    "homepage": "http://www.agentur-brandung.de"
                }
            ],
            "description": "Composer installer for Magento modules",
            "homepage": "https://github.com/bragento/bragento-composer-installer",
            "keywords": [
                "bragento",
                "brandung",
                "composer",
                "installer",
                "magento"
            ],
            "time": "2015-02-28 14:42:03"
        },
        {
            "name": "firegento/magesetup",
            "version": "2.2.2",
            "source": {
                "type": "git",
                "url": "https://github.com/firegento/firegento-magesetup.git",
                "reference": "901df62be3763fb0f8370c56828eb3b6d914cd7f"
            },
            "dist": {
                "type": "zip",
                "url": "https://api.github.com/repos/firegento/firegento-magesetup/zipball/901df62be3763fb0f8370c56828eb3b6d914cd7f",
                "reference": "901df62be3763fb0f8370c56828eb3b6d914cd7f",
                "shasum": ""
            },
            "require": {
                "magento-hackathon/magento-composer-installer": "*"
            },
            "require-dev": {
                "firegento/mage-ci": "master-dev",
                "phpunit/phpunit": "4.1.*@dev"
            },
            "type": "magento-module",
            "extra": {
                "magento-root-dir": "test/",
                "magento_connect": {
                    "name": "FireGento_MageSetup",
                    "summary": "MageSetup configures a shop for a national market. It creates configuration and tax settings, email templates, cms blocks and pages.",
                    "channel": "community",
                    "php_min": "5.3.0",
                    "php_max": "7.9.9",
                    "stability": "stable",
                    "license_uri": "http://www.gnu.org/licenses/gpl-3.0.html",
                    "content": [
                        {
                            "type": "magecommunity",
                            "structure": "dir",
                            "path": "FireGento/MageSetup"
                        },
                        {
                            "type": "mageetc",
                            "structure": "file",
                            "path": "modules/FireGento_MageSetup.xml"
                        },
                        {
                            "type": "magelocale",
                            "structure": "file",
                            "path": "de_AT/FireGento_MageSetup.csv"
                        },
                        {
                            "type": "magelocale",
                            "structure": "dir",
                            "path": "de_CH/template/magesetup"
                        },
                        {
                            "type": "magelocale",
                            "structure": "file",
                            "path": "de_DE/FireGento_MageSetup.csv"
                        },
                        {
                            "type": "magelocale",
                            "structure": "dir",
                            "path": "de_DE/template/magesetup"
                        },
                        {
                            "type": "magelocale",
                            "structure": "file",
                            "path": "en_US/FireGento_MageSetup.csv"
                        },
                        {
                            "type": "magelocale",
                            "structure": "dir",
                            "path": "en_US/template/magesetup"
                        },
                        {
                            "type": "magelocale",
                            "structure": "file",
                            "path": "ru_RU/FireGento_MageSetup.csv"
                        },
                        {
                            "type": "magelocale",
                            "structure": "dir",
                            "path": "ru_RU/template/magesetup"
                        },
                        {
                            "type": "magelocale",
                            "structure": "dir",
                            "path": "pl_PL/template/magesetup"
                        },
                        {
                            "type": "magelocale",
                            "structure": "dir",
                            "path": "ro_RO/template/magesetup"
                        },
                        {
                            "type": "magelocale",
                            "structure": "dir",
                            "path": "fr_CH/template/magesetup"
                        },
                        {
                            "type": "magelocale",
                            "structure": "file",
                            "path": "fr_FR/FireGento_MageSetup.csv"
                        },
                        {
                            "type": "magelocale",
                            "structure": "dir",
                            "path": "fr_FR/template/magesetup"
                        },
                        {
                            "type": "magelocale",
                            "structure": "file",
                            "path": "it_IT/FireGento_MageSetup.csv"
                        },
                        {
                            "type": "magelocale",
                            "structure": "dir",
                            "path": "it_IT/template/magesetup"
                        },
                        {
                            "type": "magedesign",
                            "structure": "file",
                            "path": "adminhtml/default/default/layout/magesetup.xml"
                        },
                        {
                            "type": "magedesign",
                            "structure": "dir",
                            "path": "adminhtml/default/default/template/magesetup"
                        },
                        {
                            "type": "magedesign",
                            "structure": "file",
                            "path": "frontend/base/default/layout/magesetup.xml"
                        },
                        {
                            "type": "magedesign",
                            "structure": "dir",
                            "path": "frontend/base/default/template/magesetup"
                        },
                        {
                            "type": "magedesign",
                            "structure": "dir",
                            "path": "frontend/rwd/default/template/magesetup"
                        },
                        {
                            "type": "mageskin",
                            "structure": "dir",
                            "path": "frontend/base/default/css/magesetup"
                        },
                        {
                            "type": "mageskin",
                            "structure": "dir",
                            "path": "frontend/rwd/default/css/magesetup"
                        }
                    ]
                }
            },
            "license": [
                "GPL-3.0"
            ],
            "authors": [
                {
                    "name": "Team FireGento",
                    "email": "team@firegento.com"
                }
            ],
            "description": "See the full list of features including several screenshots at https://github.com/firegento/firegento-magesetup/blob/development/docs/features/features.markdown. Central features of MageSetup are: Setting of important configuration settings per Country; Predefined tax settings and tax classes for shipping from several countries to worldwide destinations; Assign new tax classes to all products (configurable); Creation of email templates based on the local language pack (Legal texts can be added to some templates automatically); Creation and Activation of Checkout Agreements (Agreements can be shown at customer registration instead of or additional to the checkout. They can be required or not); Creation of default CMS pages like imprint, terms and conditions, privacy, shipping, payment methods; Create email templates, cms pages and blocks as well as checkout agreements for store views with a different language as well; Possibility to add tax and/or shipping info to all prices; Automatical generation of meta data to products; Saving of every status change of newsletter subscriptions; Presets are configurable via xml files for every country seperately; Many more.",
            "homepage": "https://github.com/firegento/firegento-magesetup",
            "support": {
                "source": "https://github.com/firegento/firegento-magesetup/tree/2.2.2",
                "issues": "https://github.com/firegento/firegento-magesetup/issues"
            },
            "time": "2015-02-20 07:31:11"
        },
        {
            "name": "magento/core",
            "version": "1.9.1.1-patch2",
            "source": {
                "type": "git",
                "url": "https://github.com/bragento/magento-core.git",
                "reference": "a2b36a69d95ecf32a0abd19c28edf45fe563c7d0"
            },
            "dist": {
                "type": "zip",
                "url": "https://api.github.com/repos/bragento/magento-core/zipball/a2b36a69d95ecf32a0abd19c28edf45fe563c7d0",
                "reference": "a2b36a69d95ecf32a0abd19c28edf45fe563c7d0",
                "shasum": ""
            },
            "type": "magento-core",
            "extra": {
                "map": [
                    [
                        "app",
                        "app"
                    ],
                    [
                        "downloader",
                        "downloader"
                    ],
                    [
                        "errors",
                        "errors"
                    ],
                    [
                        "includes",
                        "includes"
                    ],
                    [
                        "js",
                        "js"
                    ],
                    [
                        "lib",
                        "lib"
                    ],
                    [
                        "media",
                        "media"
                    ],
                    [
                        "pkginfo",
                        "pkginfo"
                    ],
                    [
                        "shell",
                        "shell"
                    ],
                    [
                        "skin",
                        "skin"
                    ],
                    [
                        "var",
                        "var"
                    ],
                    [
                        ".htaccess",
                        ".htaccess"
                    ],
                    [
                        "api.php",
                        "api.php"
                    ],
                    [
                        "cron.php",
                        "cron.php"
                    ],
                    [
                        "cron.sh",
                        "cron.sh"
                    ],
                    [
                        "favicon.ico",
                        "favicon.ico"
                    ],
                    [
                        "get.php",
                        "get.php"
                    ],
                    [
                        "index.php",
                        "index.php"
                    ],
                    [
                        "install.php",
                        "install.php"
                    ],
                    [
                        "mage",
                        "mage"
                    ],
                    [
                        "LICENSE.html",
                        "LICENSE.html"
                    ]
                ]
            },
            "license": [
                "OSL-3.0"
            ],
            "description": "Magento Core",
            "homepage": "http://www.magentocommerce.com",
            "support": {
                "source": "https://github.com/bragento/magento-core/tree/1.9.1.1-patch2",
                "issues": "https://github.com/bragento/magento-core/issues"
            },
            "time": "2015-05-27 19:38:39"
        },
        {
            "name": "symfony/filesystem",
            "version": "v2.6.8",
            "target-dir": "Symfony/Component/Filesystem",
            "source": {
                "type": "git",
                "url": "https://github.com/symfony/Filesystem.git",
                "reference": "1f8429f72a5bfa58b33fd96824bea146fc4b3f49"
            },
            "dist": {
                "type": "zip",
                "url": "https://api.github.com/repos/symfony/Filesystem/zipball/1f8429f72a5bfa58b33fd96824bea146fc4b3f49",
                "reference": "1f8429f72a5bfa58b33fd96824bea146fc4b3f49",
                "shasum": ""
            },
            "require": {
                "php": ">=5.3.3"
            },
            "require-dev": {
                "symfony/phpunit-bridge": "~2.7"
            },
            "type": "library",
            "extra": {
                "branch-alias": {
                    "dev-master": "2.6-dev"
                }
            },
            "autoload": {
                "psr-0": {
                    "Symfony\\Component\\Filesystem\\": ""
                }
            },
            "notification-url": "https://packagist.org/downloads/",
            "license": [
                "MIT"
            ],
            "authors": [
                {
                    "name": "Fabien Potencier",
                    "email": "fabien@symfony.com"
                },
                {
                    "name": "Symfony Community",
                    "homepage": "https://symfony.com/contributors"
                }
            ],
            "description": "Symfony Filesystem Component",
            "homepage": "https://symfony.com",
            "time": "2015-05-15 13:32:45"
        }
    ],
    "packages-dev": [],
    "aliases": [],
    "minimum-stability": "stable",
    "stability-flags": [],
    "prefer-stable": false,
    "prefer-lowest": false,
    "platform": [],
    "platform-dev": []
}
